
Microsoft Visual Studio Solution File, Format Version 12.00
# Visual Studio Version 17
VisualStudioVersion = 17.11.35312.102
MinimumVisualStudioVersion = 10.0.40219.1
Project("{FAE04EC0-301F-11D3-BF4B-00C04F79EFBC}") = "Demo3101", "Demo3101.csproj", "{F786299A-3C96-4FAD-804F-0F15FCCA5827}"
EndProject
Global
	GlobalSection(SolutionConfigurationPlatforms) = preSolution
		Debug|Any CPU = Debug|Any CPU
		Release|Any CPU = Release|Any CPU
	EndGlobalSection
	GlobalSection(ProjectConfigurationPlatforms) = postSolution
		{F786299A-3C96-4FAD-804F-0F15FCCA5827}.Debug|Any CPU.ActiveCfg = Debug|Any CPU
		{F786299A-3C96-4FAD-804F-0F15FCCA5827}.Debug|Any CPU.Build.0 = Debug|Any CPU
		{F786299A-3C96-4FAD-804F-0F15FCCA5827}.Release|Any CPU.ActiveCfg = Release|Any CPU
		{F786299A-3C96-4FAD-804F-0F15FCCA5827}.Release|Any CPU.Build.0 = Release|Any CPU
	EndGlobalSection
	GlobalSection(SolutionProperties) = preSolution
		HideSolutionNode = FALSE
	EndGlobalSection
	GlobalSection(ExtensibilityGlobals) = postSolution
		SolutionGuid = {49476DE5-4942-4266-873F-53D4950CE00D}
	EndGlobalSection
EndGlobal
