
Microsoft Visual Studio Solution File, Format Version 12.00
# Visual Studio Version 17
VisualStudioVersion = 17.13.35825.156 d17.13
MinimumVisualStudioVersion = 10.0.40219.1
Project("{FAE04EC0-301F-11D3-BF4B-00C04F79EFBC}") = "Demo0203", "Demo0203.csproj", "{C69E9188-7F7F-4EDB-A2A3-46094FA49D94}"
EndProject
Global
	GlobalSection(SolutionConfigurationPlatforms) = preSolution
		Debug|Any CPU = Debug|Any CPU
		Release|Any CPU = Release|Any CPU
	EndGlobalSection
	GlobalSection(ProjectConfigurationPlatforms) = postSolution
		{C69E9188-7F7F-4EDB-A2A3-46094FA49D94}.Debug|Any CPU.ActiveCfg = Debug|Any CPU
		{C69E9188-7F7F-4EDB-A2A3-46094FA49D94}.Debug|Any CPU.Build.0 = Debug|Any CPU
		{C69E9188-7F7F-4EDB-A2A3-46094FA49D94}.Release|Any CPU.ActiveCfg = Release|Any CPU
		{C69E9188-7F7F-4EDB-A2A3-46094FA49D94}.Release|Any CPU.Build.0 = Release|Any CPU
	EndGlobalSection
	GlobalSection(SolutionProperties) = preSolution
		HideSolutionNode = FALSE
	EndGlobalSection
	GlobalSection(ExtensibilityGlobals) = postSolution
		SolutionGuid = {E32F3BAE-7CD0-4DDD-84F2-BE44366CB3CA}
	EndGlobalSection
EndGlobal
